
Microsoft Visual Studio Solution File, Format Version 12.00
# Visual Studio Version 17
VisualStudioVersion = 17.0.31612.314
MinimumVisualStudioVersion = 10.0.40219.1
Project("{9A19103F-16F7-4668-BE54-9A1E7A4F7556}") = "TableStorage.CrudApi", "TableStorage.CrudApi\TableStorage.CrudApi.csproj", "{737C6232-FDDB-47D4-999F-0267AFBFC310}"
EndProject
Project("{9A19103F-16F7-4668-BE54-9A1E7A4F7556}") = "FX", "..\..\common\FX\FX.csproj", "{78DD74C8-F2F6-4D49-B015-0D0D3D10C7C1}"
EndProject
Project("{9A19103F-16F7-4668-BE54-9A1E7A4F7556}") = "FakeData", "..\..\common\FakeData\FakeData.csproj", "{DD657EE6-4D46-442C-A48F-5A37A1F47CA9}"
EndProject
Global
	GlobalSection(SolutionConfigurationPlatforms) = preSolution
		Debug|Any CPU = Debug|Any CPU
		Release|Any CPU = Release|Any CPU
	EndGlobalSection
	GlobalSection(ProjectConfigurationPlatforms) = postSolution
		{737C6232-FDDB-47D4-999F-0267AFBFC310}.Debug|Any CPU.ActiveCfg = Debug|Any CPU
		{737C6232-FDDB-47D4-999F-0267AFBFC310}.Debug|Any CPU.Build.0 = Debug|Any CPU
		{737C6232-FDDB-47D4-999F-0267AFBFC310}.Release|Any CPU.ActiveCfg = Release|Any CPU
		{737C6232-FDDB-47D4-999F-0267AFBFC310}.Release|Any CPU.Build.0 = Release|Any CPU
		{78DD74C8-F2F6-4D49-B015-0D0D3D10C7C1}.Debug|Any CPU.ActiveCfg = Debug|Any CPU
		{78DD74C8-F2F6-4D49-B015-0D0D3D10C7C1}.Debug|Any CPU.Build.0 = Debug|Any CPU
		{78DD74C8-F2F6-4D49-B015-0D0D3D10C7C1}.Release|Any CPU.ActiveCfg = Release|Any CPU
		{78DD74C8-F2F6-4D49-B015-0D0D3D10C7C1}.Release|Any CPU.Build.0 = Release|Any CPU
		{DD657EE6-4D46-442C-A48F-5A37A1F47CA9}.Debug|Any CPU.ActiveCfg = Debug|Any CPU
		{DD657EE6-4D46-442C-A48F-5A37A1F47CA9}.Debug|Any CPU.Build.0 = Debug|Any CPU
		{DD657EE6-4D46-442C-A48F-5A37A1F47CA9}.Release|Any CPU.ActiveCfg = Release|Any CPU
		{DD657EE6-4D46-442C-A48F-5A37A1F47CA9}.Release|Any CPU.Build.0 = Release|Any CPU
	EndGlobalSection
	GlobalSection(SolutionProperties) = preSolution
		HideSolutionNode = FALSE
	EndGlobalSection
	GlobalSection(ExtensibilityGlobals) = postSolution
		SolutionGuid = {22A2AD0B-333B-48EF-B493-1B5CE182F2E1}
	EndGlobalSection
EndGlobal
